// !$*UTF8*$!
{
	archiveVersion = 1;
	classes = {
	};
	objectVersion = 46;
	objects = {

/* Begin PBXBuildFile section */
		5E51DE6617B1A44B00B7C4A2 /* UIKit.framework in Frameworks */ = {isa = PBXBuildFile; fileRef = 5E51DE6517B1A44B00B7C4A2 /* UIKit.framework */; };
		5E51DE6817B1A44B00B7C4A2 /* Foundation.framework in Frameworks */ = {isa = PBXBuildFile; fileRef = 5E51DE6717B1A44B00B7C4A2 /* Foundation.framework */; };
		5E51DE6A17B1A44B00B7C4A2 /* CoreGraphics.framework in Frameworks */ = {isa = PBXBuildFile; fileRef = 5E51DE6917B1A44B00B7C4A2 /* CoreGraphics.framework */; };
		5E51DE7017B1A44B00B7C4A2 /* InfoPlist.strings in Resources */ = {isa = PBXBuildFile; fileRef = 5E51DE6E17B1A44B00B7C4A2 /* InfoPlist.strings */; };
		5E51DE7217B1A44B00B7C4A2 /* main.m in Sources */ = {isa = PBXBuildFile; fileRef = 5E51DE7117B1A44B00B7C4A2 /* main.m */; };
		5E51DE7617B1A44B00B7C4A2 /* TFAppDelegate.m in Sources */ = {isa = PBXBuildFile; fileRef = 5E51DE7517B1A44B00B7C4A2 /* TFAppDelegate.m */; };
		5E51DE7817B1A44B00B7C4A2 /* Default.png in Resources */ = {isa = PBXBuildFile; fileRef = 5E51DE7717B1A44B00B7C4A2 /* Default.png */; };
		5E51DE7A17B1A44B00B7C4A2 /* Default@2x.png in Resources */ = {isa = PBXBuildFile; fileRef = 5E51DE7917B1A44B00B7C4A2 /* Default@2x.png */; };
		5E51DE7C17B1A44B00B7C4A2 /* Default-568h@2x.png in Resources */ = {isa = PBXBuildFile; fileRef = 5E51DE7B17B1A44B00B7C4A2 /* Default-568h@2x.png */; };
		5E51DE7F17B1A44B00B7C4A2 /* MainStoryboard.storyboard in Resources */ = {isa = PBXBuildFile; fileRef = 5E51DE7D17B1A44B00B7C4A2 /* MainStoryboard.storyboard */; };
		5E51DE8217B1A44B00B7C4A2 /* TFViewController.m in Sources */ = {isa = PBXBuildFile; fileRef = 5E51DE8117B1A44B00B7C4A2 /* TFViewController.m */; };
/* End PBXBuildFile section */

/* Begin PBXFileReference section */
		5E51DE6217B1A44B00B7C4A2 /* TwitterFun.app */ = {isa = PBXFileReference; explicitFileType = wrapper.application; includeInIndex = 0; path = TwitterFun.app; sourceTree = BUILT_PRODUCTS_DIR; };
		5E51DE6517B1A44B00B7C4A2 /* UIKit.framework */ = {isa = PBXFileReference; lastKnownFileType = wrapper.framework; name = UIKit.framework; path = System/Library/Frameworks/UIKit.framework; sourceTree = SDKROOT; };
		5E51DE6717B1A44B00B7C4A2 /* Foundation.framework */ = {isa = PBXFileReference; lastKnownFileType = wrapper.framework; name = Foundation.framework; path = System/Library/Frameworks/Foundation.framework; sourceTree = SDKROOT; };
		5E51DE6917B1A44B00B7C4A2 /* CoreGraphics.framework */ = {isa = PBXFileReference; lastKnownFileType = wrapper.framework; name = CoreGraphics.framework; path = System/Library/Frameworks/CoreGraphics.framework; sourceTree = SDKROOT; };
		5E51DE6D17B1A44B00B7C4A2 /* TwitterFun-Info.plist */ = {isa = PBXFileReference; lastKnownFileType = text.plist.xml; path = "TwitterFun-Info.plist"; sourceTree = "<group>"; };
		5E51DE6F17B1A44B00B7C4A2 /* en */ = {isa = PBXFileReference; lastKnownFileType = text.plist.strings; name = en; path = en.lproj/InfoPlist.strings; sourceTree = "<group>"; };
		5E51DE7117B1A44B00B7C4A2 /* main.m */ = {isa = PBXFileReference; lastKnownFileType = sourcecode.c.objc; path = main.m; sourceTree = "<group>"; };
		5E51DE7317B1A44B00B7C4A2 /* TwitterFun-Prefix.pch */ = {isa = PBXFileReference; lastKnownFileType = sourcecode.c.h; path = "TwitterFun-Prefix.pch"; sourceTree = "<group>"; };
		5E51DE7417B1A44B00B7C4A2 /* TFAppDelegate.h */ = {isa = PBXFileReference; lastKnownFileType = sourcecode.c.h; path = TFAppDelegate.h; sourceTree = "<group>"; };
		5E51DE7517B1A44B00B7C4A2 /* TFAppDelegate.m */ = {isa = PBXFileReference; lastKnownFileType = sourcecode.c.objc; path = TFAppDelegate.m; sourceTree = "<group>"; };
		5E51DE7717B1A44B00B7C4A2 /* Default.png */ = {isa = PBXFileReference; lastKnownFileType = image.png; path = Default.png; sourceTree = "<group>"; };
		5E51DE7917B1A44B00B7C4A2 /* Default@2x.png */ = {isa = PBXFileReference; lastKnownFileType = image.png; path = "Default@2x.png"; sourceTree = "<group>"; };
		5E51DE7B17B1A44B00B7C4A2 /* Default-568h@2x.png */ = {isa = PBXFileReference; lastKnownFileType = image.png; path = "Default-568h@2x.png"; sourceTree = "<group>"; };
		5E51DE7E17B1A44B00B7C4A2 /* en */ = {isa = PBXFileReference; lastKnownFileType = file.storyboard; name = en; path = en.lproj/MainStoryboard.storyboard; sourceTree = "<group>"; };
		5E51DE8017B1A44B00B7C4A2 /* TFViewController.h */ = {isa = PBXFileReference; lastKnownFileType = sourcecode.c.h; path = TFViewController.h; sourceTree = "<group>"; };
		5E51DE8117B1A44B00B7C4A2 /* TFViewController.m */ = {isa = PBXFileReference; lastKnownFileType = sourcecode.c.objc; path = TFViewController.m; sourceTree = "<group>"; };
/* End PBXFileReference section */

/* Begin PBXFrameworksBuildPhase section */
		5E51DE5F17B1A44A00B7C4A2 /* Frameworks */ = {
			isa = PBXFrameworksBuildPhase;
			buildActionMask = 2147483647;
			files = (
				5E51DE6617B1A44B00B7C4A2 /* UIKit.framework in Frameworks */,
				5E51DE6817B1A44B00B7C4A2 /* Foundation.framework in Frameworks */,
				5E51DE6A17B1A44B00B7C4A2 /* CoreGraphics.framework in Frameworks */,
			);
			runOnlyForDeploymentPostprocessing = 0;
		};
/* End PBXFrameworksBuildPhase section */

/* Begin PBXGroup section */
		5E51DE5917B1A44A00B7C4A2 = {
			isa = PBXGroup;
			children = (
				5E51DE6B17B1A44B00B7C4A2 /* TwitterFun */,
				5E51DE6417B1A44B00B7C4A2 /* Frameworks */,
				5E51DE6317B1A44B00B7C4A2 /* Products */,
			);
			sourceTree = "<group>";
		};
		5E51DE6317B1A44B00B7C4A2 /* Products */ = {
			isa = PBXGroup;
			children = (
				5E51DE6217B1A44B00B7C4A2 /* TwitterFun.app */,
			);
			name = Products;
			sourceTree = "<group>";
		};
		5E51DE6417B1A44B00B7C4A2 /* Frameworks */ = {
			isa = PBXGroup;
			children = (
				5E51DE6517B1A44B00B7C4A2 /* UIKit.framework */,
				5E51DE6717B1A44B00B7C4A2 /* Foundation.framework */,
				5E51DE6917B1A44B00B7C4A2 /* CoreGraphics.framework */,
			);
			name = Frameworks;
			sourceTree = "<group>";
		};
		5E51DE6B17B1A44B00B7C4A2 /* TwitterFun */ = {
			isa = PBXGroup;
			children = (
				5E51DE7417B1A44B00B7C4A2 /* TFAppDelegate.h */,
				5E51DE7517B1A44B00B7C4A2 /* TFAppDelegate.m */,
				5E51DE7D17B1A44B00B7C4A2 /* MainStoryboard.storyboard */,
				5E51DE8017B1A44B00B7C4A2 /* TFViewController.h */,
				5E51DE8117B1A44B00B7C4A2 /* TFViewController.m */,
				5E51DE6C17B1A44B00B7C4A2 /* Supporting Files */,
			);
			path = TwitterFun;
			sourceTree = "<group>";
		};
		5E51DE6C17B1A44B00B7C4A2 /* Supporting Files */ = {
			isa = PBXGroup;
			children = (
				5E51DE6D17B1A44B00B7C4A2 /* TwitterFun-Info.plist */,
				5E51DE6E17B1A44B00B7C4A2 /* InfoPlist.strings */,
				5E51DE7117B1A44B00B7C4A2 /* main.m */,
				5E51DE7317B1A44B00B7C4A2 /* TwitterFun-Prefix.pch */,
				5E51DE7717B1A44B00B7C4A2 /* Default.png */,
				5E51DE7917B1A44B00B7C4A2 /* Default@2x.png */,
				5E51DE7B17B1A44B00B7C4A2 /* Default-568h@2x.png */,
			);
			name = "Supporting Files";
			sourceTree = "<group>";
		};
/* End PBXGroup section */

/* Begin PBXNativeTarget section */
		5E51DE6117B1A44A00B7C4A2 /* TwitterFun */ = {
			isa = PBXNativeTarget;
			buildConfigurationList = 5E51DE8517B1A44B00B7C4A2 /* Build configuration list for PBXNativeTarget "TwitterFun" */;
			buildPhases = (
				5E51DE5E17B1A44A00B7C4A2 /* Sources */,
				5E51DE5F17B1A44A00B7C4A2 /* Frameworks */,
				5E51DE6017B1A44A00B7C4A2 /* Resources */,
			);
			buildRules = (
			);
			dependencies = (
			);
			name = TwitterFun;
			productName = TwitterFun;
			productReference = 5E51DE6217B1A44B00B7C4A2 /* TwitterFun.app */;
			productType = "com.apple.product-type.application";
		};
/* End PBXNativeTarget section */

/* Begin PBXProject section */
		5E51DE5A17B1A44A00B7C4A2 /* Project object */ = {
			isa = PBXProject;
			attributes = {
				CLASSPREFIX = TF;
				LastUpgradeCheck = 0460;
				ORGANIZATIONNAME = LinkedIn;
			};
			buildConfigurationList = 5E51DE5D17B1A44A00B7C4A2 /* Build configuration list for PBXProject "TwitterFun" */;
			compatibilityVersion = "Xcode 3.2";
			developmentRegion = English;
			hasScannedForEncodings = 0;
			knownRegions = (
				en,
			);
			mainGroup = 5E51DE5917B1A44A00B7C4A2;
			productRefGroup = 5E51DE6317B1A44B00B7C4A2 /* Products */;
			projectDirPath = "";
			projectRoot = "";
			targets = (
				5E51DE6117B1A44A00B7C4A2 /* TwitterFun */,
			);
		};
/* End PBXProject section */

/* Begin PBXResourcesBuildPhase section */
		5E51DE6017B1A44A00B7C4A2 /* Resources */ = {
			isa = PBXResourcesBuildPhase;
			buildActionMask = 2147483647;
			files = (
				5E51DE7017B1A44B00B7C4A2 /* InfoPlist.strings in Resources */,
				5E51DE7817B1A44B00B7C4A2 /* Default.png in Resources */,
				5E51DE7A17B1A44B00B7C4A2 /* Default@2x.png in Resources */,
				5E51DE7C17B1A44B00B7C4A2 /* Default-568h@2x.png in Resources */,
				5E51DE7F17B1A44B00B7C4A2 /* MainStoryboard.storyboard in Resources */,
			);
			runOnlyForDeploymentPostprocessing = 0;
		};
/* End PBXResourcesBuildPhase section */

/* Begin PBXSourcesBuildPhase section */
		5E51DE5E17B1A44A00B7C4A2 /* Sources */ = {
			isa = PBXSourcesBuildPhase;
			buildActionMask = 2147483647;
			files = (
				5E51DE7217B1A44B00B7C4A2 /* main.m in Sources */,
				5E51DE7617B1A44B00B7C4A2 /* TFAppDelegate.m in Sources */,
				5E51DE8217B1A44B00B7C4A2 /* TFViewController.m in Sources */,
			);
			runOnlyForDeploymentPostprocessing = 0;
		};
/* End PBXSourcesBuildPhase section */

/* Begin PBXVariantGroup section */
		5E51DE6E17B1A44B00B7C4A2 /* InfoPlist.strings */ = {
			isa = PBXVariantGroup;
			children = (
				5E51DE6F17B1A44B00B7C4A2 /* en */,
			);
			name = InfoPlist.strings;
			sourceTree = "<group>";
		};
		5E51DE7D17B1A44B00B7C4A2 /* MainStoryboard.storyboard */ = {
			isa = PBXVariantGroup;
			children = (
				5E51DE7E17B1A44B00B7C4A2 /* en */,
			);
			name = MainStoryboard.storyboard;
			sourceTree = "<group>";
		};
/* End PBXVariantGroup section */

/* Begin XCBuildConfiguration section */
		5E51DE8317B1A44B00B7C4A2 /* Debug */ = {
			isa = XCBuildConfiguration;
			buildSettings = {
				ALWAYS_SEARCH_USER_PATHS = NO;
				CLANG_CXX_LANGUAGE_STANDARD = "gnu++0x";
				CLANG_CXX_LIBRARY = "libc++";
				CLANG_ENABLE_OBJC_ARC = YES;
				CLANG_WARN_CONSTANT_CONVERSION = YES;
				CLANG_WARN_EMPTY_BODY = YES;
				CLANG_WARN_ENUM_CONVERSION = YES;
				CLANG_WARN_INT_CONVERSION = YES;
				CLANG_WARN__DUPLICATE_METHOD_MATCH = YES;
				"CODE_SIGN_IDENTITY[sdk=iphoneos*]" = "iPhone Developer";
				COPY_PHASE_STRIP = NO;
				GCC_C_LANGUAGE_STANDARD = gnu99;
				GCC_DYNAMIC_NO_PIC = NO;
				GCC_OPTIMIZATION_LEVEL = 0;
				GCC_PREPROCESSOR_DEFINITIONS = (
					"DEBUG=1",
					"$(inherited)",
				);
				GCC_SYMBOLS_PRIVATE_EXTERN = NO;
				GCC_WARN_ABOUT_RETURN_TYPE = YES;
				GCC_WARN_UNINITIALIZED_AUTOS = YES;
				GCC_WARN_UNUSED_VARIABLE = YES;
				IPHONEOS_DEPLOYMENT_TARGET = 6.1;
				ONLY_ACTIVE_ARCH = YES;
				SDKROOT = iphoneos;
			};
			name = Debug;
		};
		5E51DE8417B1A44B00B7C4A2 /* Release */ = {
			isa = XCBuildConfiguration;
			buildSettings = {
				ALWAYS_SEARCH_USER_PATHS = NO;
				CLANG_CXX_LANGUAGE_STANDARD = "gnu++0x";
				CLANG_CXX_LIBRARY = "libc++";
				CLANG_ENABLE_OBJC_ARC = YES;
				CLANG_WARN_CONSTANT_CONVERSION = YES;
				CLANG_WARN_EMPTY_BODY = YES;
				CLANG_WARN_ENUM_CONVERSION = YES;
				CLANG_WARN_INT_CONVERSION = YES;
				CLANG_WARN__DUPLICATE_METHOD_MATCH = YES;
				"CODE_SIGN_IDENTITY[sdk=iphoneos*]" = "iPhone Developer";
				COPY_PHASE_STRIP = YES;
				GCC_C_LANGUAGE_STANDARD = gnu99;
				GCC_WARN_ABOUT_RETURN_TYPE = YES;
				GCC_WARN_UNINITIALIZED_AUTOS = YES;
				GCC_WARN_UNUSED_VARIABLE = YES;
				IPHONEOS_DEPLOYMENT_TARGET = 6.1;
				OTHER_CFLAGS = "-DNS_BLOCK_ASSERTIONS=1";
				SDKROOT = iphoneos;
				VALIDATE_PRODUCT = YES;
			};
			name = Release;
		};
		5E51DE8617B1A44B00B7C4A2 /* Debug */ = {
			isa = XCBuildConfiguration;
			buildSettings = {
				GCC_PRECOMPILE_PREFIX_HEADER = YES;
				GCC_PREFIX_HEADER = "TwitterFun/TwitterFun-Prefix.pch";
				INFOPLIST_FILE = "TwitterFun/TwitterFun-Info.plist";
				PRODUCT_NAME = "$(TARGET_NAME)";
				WRAPPER_EXTENSION = app;
			};
			name = Debug;
		};
		5E51DE8717B1A44B00B7C4A2 /* Release */ = {
			isa = XCBuildConfiguration;
			buildSettings = {
				GCC_PRECOMPILE_PREFIX_HEADER = YES;
				GCC_PREFIX_HEADER = "TwitterFun/TwitterFun-Prefix.pch";
				INFOPLIST_FILE = "TwitterFun/TwitterFun-Info.plist";
				PRODUCT_NAME = "$(TARGET_NAME)";
				WRAPPER_EXTENSION = app;
			};
			name = Release;
		};
/* End XCBuildConfiguration section */

/* Begin XCConfigurationList section */
		5E51DE5D17B1A44A00B7C4A2 /* Build configuration list for PBXProject "TwitterFun" */ = {
			isa = XCConfigurationList;
			buildConfigurations = (
				5E51DE8317B1A44B00B7C4A2 /* Debug */,
				5E51DE8417B1A44B00B7C4A2 /* Release */,
			);
			defaultConfigurationIsVisible = 0;
			defaultConfigurationName = Release;
		};
		5E51DE8517B1A44B00B7C4A2 /* Build configuration list for PBXNativeTarget "TwitterFun" */ = {
			isa = XCConfigurationList;
			buildConfigurations = (
				5E51DE8617B1A44B00B7C4A2 /* Debug */,
				5E51DE8717B1A44B00B7C4A2 /* Release */,
			);
			defaultConfigurationIsVisible = 0;
		};
/* End XCConfigurationList section */
	};
	rootObject = 5E51DE5A17B1A44A00B7C4A2 /* Project object */;
}
